
Microsoft Visual Studio Solution File, Format Version 12.00
# Visual Studio Version 17
VisualStudioVersion = 17.8.34330.188
MinimumVisualStudioVersion = 10.0.40219.1
Project("{FAE04EC0-301F-11D3-BF4B-00C04F79EFBC}") = "HomeCleaningTemplate", "HomeCleaningTemplate.csproj", "{EF490FE5-22D6-4DB3-864D-93EFA2BCF2CB}"
EndProject
Global
	GlobalSection(SolutionConfigurationPlatforms) = preSolution
		Debug|Any CPU = Debug|Any CPU
		Release|Any CPU = Release|Any CPU
	EndGlobalSection
	GlobalSection(ProjectConfigurationPlatforms) = postSolution
		{EF490FE5-22D6-4DB3-864D-93EFA2BCF2CB}.Debug|Any CPU.ActiveCfg = Debug|Any CPU
		{EF490FE5-22D6-4DB3-864D-93EFA2BCF2CB}.Debug|Any CPU.Build.0 = Debug|Any CPU
		{EF490FE5-22D6-4DB3-864D-93EFA2BCF2CB}.Debug|Any CPU.Deploy.0 = Debug|Any CPU
		{EF490FE5-22D6-4DB3-864D-93EFA2BCF2CB}.Release|Any CPU.ActiveCfg = Release|Any CPU
		{EF490FE5-22D6-4DB3-864D-93EFA2BCF2CB}.Release|Any CPU.Build.0 = Release|Any CPU
		{EF490FE5-22D6-4DB3-864D-93EFA2BCF2CB}.Release|Any CPU.Deploy.0 = Release|Any CPU
	EndGlobalSection
	GlobalSection(SolutionProperties) = preSolution
		HideSolutionNode = FALSE
	EndGlobalSection
	GlobalSection(ExtensibilityGlobals) = postSolution
		SolutionGuid = {E59A7409-D273-4AB1-81AA-A5BBCE588C46}
	EndGlobalSection
EndGlobal
